# THIS IS AN AUTOGENERATED FILE. DO NOT EDIT THIS FILE DIRECTLY.
# yarn lockfile v1


"@babel/runtime@^7.10.1":
  version "7.10.1"
  resolved "https://registry.yarnpkg.com/@babel/runtime/-/runtime-7.10.1.tgz#b6eb75cac279588d3100baecd1b9894ea2840822"
  integrity sha512-nQbbCbQc9u/rpg1XCxoMYQTbSMVZjCDxErQ1ClCn9Pvcmv1lGads19ep0a2VsEiIJeHqjZley6EQGEC3Yo1xMA==
  dependencies:
    regenerator-runtime "^0.13.4"

lit-element@^2.3.1:
  version "2.3.1"
  resolved "https://registry.yarnpkg.com/lit-element/-/lit-element-2.3.1.tgz#73343b978fa1e73d60526c6bb6ad60f53a16c343"
  integrity sha512-tOcUAmeO3BzwiQ7FGWdsshNvC0HVHcTFYw/TLIImmKwXYoV0E7zCBASa8IJ7DiP4cen/Yoj454gS0qqTnIGsFA==
  dependencies:
    lit-html "^1.1.1"

lit-html@^1.1.1:
  version "1.2.1"
  resolved "https://registry.yarnpkg.com/lit-html/-/lit-html-1.2.1.tgz#1fb933dc1e2ddc095f60b8086277d4fcd9d62cc8"
  integrity sha512-GSJHHXMGLZDzTRq59IUfL9FCdAlGfqNp/dEa7k7aBaaWD+JKaCjsAk9KYm2V12ItonVaYx2dprN66Zdm1AuBTQ==

lunr@^2.3.8:
  version "2.3.8"
  resolved "https://registry.yarnpkg.com/lunr/-/lunr-2.3.8.tgz#a8b89c31f30b5a044b97d2d28e2da191b6ba2072"
  integrity sha512-oxMeX/Y35PNFuZoHp+jUj5OSEmLCaIH4KTFJh7a93cHBoFmpw2IoPs22VIz7vyO2YUnx2Tn9dzIwO2P/4quIRg==

regenerator-runtime@^0.13.4:
  version "0.13.5"
  resolved "https://registry.yarnpkg.com/regenerator-runtime/-/regenerator-runtime-0.13.5.tgz#d878a1d094b4306d10b9096484b33ebd55e26697"
  integrity sha512-ZS5w8CpKFinUzOwW3c83oPeVXoNsrLsaCoLtJvAClH135j/R77RuymhiSErhm2lKcwSCIpmvIWSbDkIfAqKQlA==
